{
  "version": 4,
  "terraform_version": "1.13.2",
  "serial": 354,
  "lineage": "fe4a458c-5a7a-0931-6c9a-8b7cbc2c3f7e",
  "outputs": {},
  "resources": [
    {
      "mode": "data",
      "type": "aws_iam_policy_document",
      "name": "assume_role",
      "provider": "provider[\"registry.terraform.io/hashicorp/aws\"]",
      "instances": [
        {
          "schema_version": 0,
          "attributes": {
            "id": "2690255455",
            "json": "{\n  \"Version\": \"2012-10-17\",\n  \"Statement\": [\n    {\n      \"Effect\": \"Allow\",\n      \"Action\": \"sts:AssumeRole\",\n      \"Principal\": {\n        \"Service\": \"lambda.amazonaws.com\"\n      }\n    }\n  ]\n}",
            "minified_json": "{\"Version\":\"2012-10-17\",\"Statement\":[{\"Effect\":\"Allow\",\"Action\":\"sts:AssumeRole\",\"Principal\":{\"Service\":\"lambda.amazonaws.com\"}}]}",
            "override_json": null,
            "override_policy_documents": null,
            "policy_id": null,
            "source_json": null,
            "source_policy_documents": null,
            "statement": [
              {
                "actions": [
                  "sts:AssumeRole"
                ],
                "condition": [],
                "effect": "Allow",
                "not_actions": [],
                "not_principals": [],
                "not_resources": [],
                "principals": [
                  {
                    "identifiers": [
                      "lambda.amazonaws.com"
                    ],
                    "type": "Service"
                  }
                ],
                "resources": [],
                "sid": ""
              }
            ],
            "version": "2012-10-17"
          },
          "sensitive_attributes": [],
          "identity_schema_version": 0
        }
      ]
    },
    {
      "mode": "managed",
      "type": "aws_api_gateway_deployment",
      "name": "deploy",
      "provider": "provider[\"registry.terraform.io/hashicorp/aws\"]",
      "instances": [
        {
          "schema_version": 0,
          "attributes": {
            "created_date": "2025-10-20T07:09:13Z",
            "description": "",
            "id": "hh8f9x",
            "region": "us-east-2",
            "rest_api_id": "e9808rovje",
            "triggers": {
              "redeployment": "2be88ca4242c76e8253ac62474851065032d6833"
            },
            "variables": null
          },
          "sensitive_attributes": [],
          "identity_schema_version": 0,
          "private": "bnVsbA==",
          "dependencies": [
            "aws_api_gateway_rest_api.gateway"
          ],
          "create_before_destroy": true
        }
      ]
    },
    {
      "mode": "managed",
      "type": "aws_api_gateway_integration",
      "name": "lambda",
      "provider": "provider[\"registry.terraform.io/hashicorp/aws\"]",
      "instances": [
        {
          "schema_version": 0,
          "attributes": {
            "cache_key_parameters": [],
            "cache_namespace": "my9wkb",
            "connection_id": "",
            "connection_type": "INTERNET",
            "content_handling": "",
            "credentials": "",
            "http_method": "ANY",
            "id": "agi-e9808rovje-my9wkb-ANY",
            "integration_http_method": "POST",
            "passthrough_behavior": "WHEN_NO_TEMPLATES",
            "region": "us-east-2",
            "request_parameters": {},
            "request_templates": {},
            "resource_id": "my9wkb",
            "rest_api_id": "e9808rovje",
            "timeout_milliseconds": 29000,
            "tls_config": [],
            "type": "AWS_PROXY",
            "uri": "arn:aws:apigateway:us-east-2:lambda:path/2015-03-31/functions/arn:aws:lambda:us-east-2:442426877818:function:DataServer/invocations"
          },
          "sensitive_attributes": [],
          "identity_schema_version": 0,
          "private": "bnVsbA==",
          "dependencies": [
            "aws_api_gateway_method.proxy",
            "aws_api_gateway_resource.proxy",
            "aws_api_gateway_rest_api.gateway",
            "aws_cloudwatch_log_group.lambda_log_group",
            "aws_iam_role.role",
            "aws_lambda_function.data_server",
            "data.aws_iam_policy_document.assume_role"
          ]
        }
      ]
    },
    {
      "mode": "managed",
      "type": "aws_api_gateway_integration",
      "name": "lambda_root",
      "provider": "provider[\"registry.terraform.io/hashicorp/aws\"]",
      "instances": [
        {
          "schema_version": 0,
          "attributes": {
            "cache_key_parameters": [],
            "cache_namespace": "0xq1xlgk0a",
            "connection_id": "",
            "connection_type": "INTERNET",
            "content_handling": "",
            "credentials": "",
            "http_method": "ANY",
            "id": "agi-e9808rovje-0xq1xlgk0a-ANY",
            "integration_http_method": "POST",
            "passthrough_behavior": "WHEN_NO_TEMPLATES",
            "region": "us-east-2",
            "request_parameters": {},
            "request_templates": {},
            "resource_id": "0xq1xlgk0a",
            "rest_api_id": "e9808rovje",
            "timeout_milliseconds": 29000,
            "tls_config": [],
            "type": "AWS_PROXY",
            "uri": "arn:aws:apigateway:us-east-2:lambda:path/2015-03-31/functions/arn:aws:lambda:us-east-2:442426877818:function:DataServer/invocations"
          },
          "sensitive_attributes": [],
          "identity_schema_version": 0,
          "private": "bnVsbA==",
          "dependencies": [
            "aws_api_gateway_method.proxy_root",
            "aws_api_gateway_rest_api.gateway",
            "aws_cloudwatch_log_group.lambda_log_group",
            "aws_iam_role.role",
            "aws_lambda_function.data_server",
            "data.aws_iam_policy_document.assume_role"
          ]
        }
      ]
    },
    {
      "mode": "managed",
      "type": "aws_api_gateway_method",
      "name": "proxy",
      "provider": "provider[\"registry.terraform.io/hashicorp/aws\"]",
      "instances": [
        {
          "schema_version": 0,
          "attributes": {
            "api_key_required": false,
            "authorization": "NONE",
            "authorization_scopes": [],
            "authorizer_id": "",
            "http_method": "ANY",
            "id": "agm-e9808rovje-my9wkb-ANY",
            "operation_name": "",
            "region": "us-east-2",
            "request_models": {},
            "request_parameters": {},
            "request_validator_id": "",
            "resource_id": "my9wkb",
            "rest_api_id": "e9808rovje"
          },
          "sensitive_attributes": [],
          "identity_schema_version": 0,
          "private": "bnVsbA==",
          "dependencies": [
            "aws_api_gateway_resource.proxy",
            "aws_api_gateway_rest_api.gateway"
          ]
        }
      ]
    },
    {
      "mode": "managed",
      "type": "aws_api_gateway_method",
      "name": "proxy_root",
      "provider": "provider[\"registry.terraform.io/hashicorp/aws\"]",
      "instances": [
        {
          "schema_version": 0,
          "attributes": {
            "api_key_required": false,
            "authorization": "NONE",
            "authorization_scopes": [],
            "authorizer_id": "",
            "http_method": "ANY",
            "id": "agm-e9808rovje-0xq1xlgk0a-ANY",
            "operation_name": "",
            "region": "us-east-2",
            "request_models": {},
            "request_parameters": {},
            "request_validator_id": "",
            "resource_id": "0xq1xlgk0a",
            "rest_api_id": "e9808rovje"
          },
          "sensitive_attributes": [],
          "identity_schema_version": 0,
          "private": "bnVsbA==",
          "dependencies": [
            "aws_api_gateway_rest_api.gateway"
          ]
        }
      ]
    },
    {
      "mode": "managed",
      "type": "aws_api_gateway_resource",
      "name": "proxy",
      "provider": "provider[\"registry.terraform.io/hashicorp/aws\"]",
      "instances": [
        {
          "schema_version": 0,
          "attributes": {
            "id": "my9wkb",
            "parent_id": "0xq1xlgk0a",
            "path": "/{proxy+}",
            "path_part": "{proxy+}",
            "region": "us-east-2",
            "rest_api_id": "e9808rovje"
          },
          "sensitive_attributes": [],
          "identity_schema_version": 0,
          "private": "bnVsbA==",
          "dependencies": [
            "aws_api_gateway_rest_api.gateway"
          ]
        }
      ]
    },
    {
      "mode": "managed",
      "type": "aws_api_gateway_rest_api",
      "name": "gateway",
      "provider": "provider[\"registry.terraform.io/hashicorp/aws\"]",
      "instances": [
        {
          "schema_version": 0,
          "attributes": {
            "api_key_source": "HEADER",
            "arn": "arn:aws:apigateway:us-east-2::/restapis/e9808rovje",
            "binary_media_types": [
              "application/octet",
              "application/octet-stream",
              "application/zip",
              "multipart/form-data",
              "image/png"
            ],
            "body": null,
            "created_date": "2025-10-15T23:39:20Z",
            "description": "API Gateway for Data Server lambda",
            "disable_execute_api_endpoint": false,
            "endpoint_configuration": [
              {
                "ip_address_type": "ipv4",
                "types": [
                  "EDGE"
                ],
                "vpc_endpoint_ids": []
              }
            ],
            "execution_arn": "arn:aws:execute-api:us-east-2:442426877818:e9808rovje",
            "fail_on_warnings": null,
            "id": "e9808rovje",
            "minimum_compression_size": "",
            "name": "DataServerGateway",
            "parameters": null,
            "policy": "",
            "put_rest_api_mode": null,
            "region": "us-east-2",
            "root_resource_id": "0xq1xlgk0a",
            "tags": {},
            "tags_all": {}
          },
          "sensitive_attributes": [],
          "identity_schema_version": 0,
          "private": "bnVsbA==",
          "create_before_destroy": true
        }
      ]
    },
    {
      "mode": "managed",
      "type": "aws_api_gateway_stage",
      "name": "stage",
      "provider": "provider[\"registry.terraform.io/hashicorp/aws\"]",
      "instances": [
        {
          "schema_version": 0,
          "attributes": {
            "access_log_settings": [],
            "arn": "arn:aws:apigateway:us-east-2::/restapis/e9808rovje/stages/default",
            "cache_cluster_enabled": false,
            "cache_cluster_size": "",
            "canary_settings": [],
            "client_certificate_id": "",
            "deployment_id": "hh8f9x",
            "description": "",
            "documentation_version": "",
            "execution_arn": "arn:aws:execute-api:us-east-2:442426877818:e9808rovje/default",
            "id": "ags-e9808rovje-default",
            "invoke_url": "https://e9808rovje.execute-api.us-east-2.amazonaws.com/default",
            "region": "us-east-2",
            "rest_api_id": "e9808rovje",
            "stage_name": "default",
            "tags": {},
            "tags_all": {},
            "variables": {},
            "web_acl_arn": "",
            "xray_tracing_enabled": false
          },
          "sensitive_attributes": [],
          "identity_schema_version": 0,
          "private": "bnVsbA==",
          "dependencies": [
            "aws_api_gateway_deployment.deploy",
            "aws_api_gateway_rest_api.gateway"
          ]
        }
      ]
    },
    {
      "mode": "managed",
      "type": "aws_cloudwatch_log_group",
      "name": "lambda_log_group",
      "provider": "provider[\"registry.terraform.io/hashicorp/aws\"]",
      "instances": [
        {
          "schema_version": 0,
          "attributes": {
            "arn": "arn:aws:logs:us-east-2:442426877818:log-group:/aws/lambda/DataServer",
            "id": "/aws/lambda/DataServer",
            "kms_key_id": "",
            "log_group_class": "STANDARD",
            "name": "/aws/lambda/DataServer",
            "name_prefix": "",
            "region": "us-east-2",
            "retention_in_days": 7,
            "skip_destroy": false,
            "tags": {},
            "tags_all": {}
          },
          "sensitive_attributes": [],
          "identity_schema_version": 0,
          "identity": {
            "account_id": "442426877818",
            "name": "/aws/lambda/DataServer",
            "region": "us-east-2"
          },
          "private": "bnVsbA=="
        }
      ]
    },
    {
      "mode": "managed",
      "type": "aws_dynamodb_table",
      "name": "user_table",
      "provider": "provider[\"registry.terraform.io/hashicorp/aws\"]",
      "instances": [
        {
          "schema_version": 1,
          "attributes": {
            "arn": "arn:aws:dynamodb:us-east-2:442426877818:table/Users",
            "attribute": [
              {
                "name": "pk",
                "type": "S"
              },
              {
                "name": "sk",
                "type": "S"
              }
            ],
            "billing_mode": "PAY_PER_REQUEST",
            "deletion_protection_enabled": false,
            "global_secondary_index": [],
            "hash_key": "pk",
            "id": "Users",
            "import_table": [],
            "local_secondary_index": [],
            "name": "Users",
            "on_demand_throughput": [],
            "point_in_time_recovery": [
              {
                "enabled": false,
                "recovery_period_in_days": 0
              }
            ],
            "range_key": "sk",
            "read_capacity": 0,
            "region": "us-east-2",
            "replica": [],
            "restore_date_time": null,
            "restore_source_name": null,
            "restore_source_table_arn": null,
            "restore_to_latest_time": null,
            "server_side_encryption": [],
            "stream_arn": "",
            "stream_enabled": false,
            "stream_label": "",
            "stream_view_type": "",
            "table_class": "STANDARD",
            "tags": {},
            "tags_all": {},
            "timeouts": null,
            "ttl": [
              {
                "attribute_name": "",
                "enabled": false
              }
            ],
            "warm_throughput": [],
            "write_capacity": 0
          },
          "sensitive_attributes": [],
          "identity_schema_version": 0,
          "private": "eyJlMmJmYjczMC1lY2FhLTExZTYtOGY4OC0zNDM2M2JjN2M0YzAiOnsiY3JlYXRlIjoxODAwMDAwMDAwMDAwLCJkZWxldGUiOjYwMDAwMDAwMDAwMCwidXBkYXRlIjozNjAwMDAwMDAwMDAwfSwic2NoZW1hX3ZlcnNpb24iOiIxIn0="
        }
      ]
    },
    {
      "mode": "managed",
      "type": "aws_iam_policy",
      "name": "access_policy",
      "provider": "provider[\"registry.terraform.io/hashicorp/aws\"]",
      "instances": [
        {
          "schema_version": 0,
          "attributes": {
            "arn": "arn:aws:iam::442426877818:policy/access_policy",
            "attachment_count": 1,
            "description": "",
            "id": "arn:aws:iam::442426877818:policy/access_policy",
            "name": "access_policy",
            "name_prefix": "",
            "path": "/",
            "policy": "{\"Statement\":[{\"Action\":[\"logs:CreateLogStream\",\"logs:PutLogEvents\"],\"Effect\":\"Allow\",\"Resource\":\"arn:aws:logs:*:*:*\"},{\"Action\":[\"dynamodb:GetItem\",\"dynamodb:BatchWriteItem\",\"dynamodb:DeleteItem\",\"dynamodb:PutItem\"],\"Effect\":\"Allow\",\"Resource\":\"arn:aws:dynamodb:us-east-2:442426877818:table/Users\"},{\"Action\":[\"s3:DeleteObject\",\"s3:GetObject\",\"s3:GetObjectTagging\",\"s3:ListBucket\",\"s3:PutObject\",\"s3:PutObjectTagging\"],\"Effect\":\"Allow\",\"Resource\":[\"arn:aws:s3:::escaperoom-files\",\"arn:aws:s3:::escaperoom-files/*\"]}],\"Version\":\"2012-10-17\"}",
            "policy_id": "ANPAWOAVSM55C3QH65LOB",
            "tags": {},
            "tags_all": {}
          },
          "sensitive_attributes": [],
          "identity_schema_version": 0,
          "identity": {
            "arn": "arn:aws:iam::442426877818:policy/access_policy"
          },
          "private": "bnVsbA==",
          "dependencies": [
            "aws_dynamodb_table.user_table",
            "aws_s3_bucket.map_files"
          ]
        }
      ]
    },
    {
      "mode": "managed",
      "type": "aws_iam_role",
      "name": "role",
      "provider": "provider[\"registry.terraform.io/hashicorp/aws\"]",
      "instances": [
        {
          "schema_version": 0,
          "attributes": {
            "arn": "arn:aws:iam::442426877818:role/data_server_execution_role",
            "assume_role_policy": "{\"Statement\":[{\"Action\":\"sts:AssumeRole\",\"Effect\":\"Allow\",\"Principal\":{\"Service\":\"lambda.amazonaws.com\"}}],\"Version\":\"2012-10-17\"}",
            "create_date": "2025-10-15T23:39:20Z",
            "description": "",
            "force_detach_policies": false,
            "id": "data_server_execution_role",
            "inline_policy": [],
            "managed_policy_arns": [
              "arn:aws:iam::442426877818:policy/access_policy"
            ],
            "max_session_duration": 3600,
            "name": "data_server_execution_role",
            "name_prefix": "",
            "path": "/",
            "permissions_boundary": "",
            "tags": {},
            "tags_all": {},
            "unique_id": "AROAWOAVSM55LIGBTTXMU"
          },
          "sensitive_attributes": [],
          "identity_schema_version": 0,
          "identity": {
            "account_id": "442426877818",
            "name": "data_server_execution_role"
          },
          "private": "bnVsbA==",
          "dependencies": [
            "data.aws_iam_policy_document.assume_role"
          ]
        }
      ]
    },
    {
      "mode": "managed",
      "type": "aws_iam_role_policy_attachment",
      "name": "logging",
      "provider": "provider[\"registry.terraform.io/hashicorp/aws\"]",
      "instances": [
        {
          "schema_version": 0,
          "attributes": {
            "id": "data_server_execution_role/arn:aws:iam::442426877818:policy/access_policy",
            "policy_arn": "arn:aws:iam::442426877818:policy/access_policy",
            "role": "data_server_execution_role"
          },
          "sensitive_attributes": [],
          "identity_schema_version": 0,
          "identity": {
            "account_id": "442426877818",
            "policy_arn": "arn:aws:iam::442426877818:policy/access_policy",
            "role": "data_server_execution_role"
          },
          "private": "bnVsbA==",
          "dependencies": [
            "aws_dynamodb_table.user_table",
            "aws_iam_policy.access_policy",
            "aws_iam_role.role",
            "aws_s3_bucket.map_files",
            "data.aws_iam_policy_document.assume_role"
          ]
        }
      ]
    },
    {
      "mode": "managed",
      "type": "aws_lambda_function",
      "name": "data_server",
      "provider": "provider[\"registry.terraform.io/hashicorp/aws\"]",
      "instances": [
        {
          "schema_version": 0,
          "attributes": {
            "architectures": [
              "arm64"
            ],
            "arn": "arn:aws:lambda:us-east-2:442426877818:function:DataServer",
            "code_sha256": "v6bNkJ3MrQrGU5R7ikgeQOCECrxBS6ugqMOIDMdbg44=",
            "code_signing_config_arn": "",
            "dead_letter_config": [],
            "description": "",
            "environment": [],
            "ephemeral_storage": [
              {
                "size": 512
              }
            ],
            "file_system_config": [],
            "filename": "../build/server.zip",
            "function_name": "DataServer",
            "handler": "bootstrap",
            "id": "DataServer",
            "image_config": [],
            "image_uri": "",
            "invoke_arn": "arn:aws:apigateway:us-east-2:lambda:path/2015-03-31/functions/arn:aws:lambda:us-east-2:442426877818:function:DataServer/invocations",
            "kms_key_arn": "",
            "last_modified": "2025-11-05T21:58:40.000+0000",
            "layers": [],
            "logging_config": [
              {
                "application_log_level": "",
                "log_format": "Text",
                "log_group": "/aws/lambda/DataServer",
                "system_log_level": ""
              }
            ],
            "memory_size": 128,
            "package_type": "Zip",
            "publish": false,
            "qualified_arn": "arn:aws:lambda:us-east-2:442426877818:function:DataServer:$LATEST",
            "qualified_invoke_arn": "arn:aws:apigateway:us-east-2:lambda:path/2015-03-31/functions/arn:aws:lambda:us-east-2:442426877818:function:DataServer:$LATEST/invocations",
            "region": "us-east-2",
            "replace_security_groups_on_destroy": null,
            "replacement_security_group_ids": null,
            "reserved_concurrent_executions": -1,
            "role": "arn:aws:iam::442426877818:role/data_server_execution_role",
            "runtime": "provided.al2023",
            "s3_bucket": null,
            "s3_key": null,
            "s3_object_version": null,
            "signing_job_arn": "",
            "signing_profile_version_arn": "",
            "skip_destroy": false,
            "snap_start": [],
            "source_code_hash": "v6bNkJ3MrQrGU5R7ikgeQOCECrxBS6ugqMOIDMdbg44=",
            "source_code_size": 15610936,
            "source_kms_key_arn": "",
            "tags": {},
            "tags_all": {},
            "timeout": 3,
            "timeouts": null,
            "tracing_config": [
              {
                "mode": "PassThrough"
              }
            ],
            "version": "$LATEST",
            "vpc_config": []
          },
          "sensitive_attributes": [],
          "identity_schema_version": 0,
          "identity": {
            "account_id": "442426877818",
            "function_name": "DataServer",
            "region": "us-east-2"
          },
          "private": "eyJlMmJmYjczMC1lY2FhLTExZTYtOGY4OC0zNDM2M2JjN2M0YzAiOnsiY3JlYXRlIjo2MDAwMDAwMDAwMDAsImRlbGV0ZSI6NjAwMDAwMDAwMDAwLCJ1cGRhdGUiOjYwMDAwMDAwMDAwMH19",
          "dependencies": [
            "aws_cloudwatch_log_group.lambda_log_group",
            "aws_iam_role.role",
            "data.aws_iam_policy_document.assume_role"
          ]
        }
      ]
    },
    {
      "mode": "managed",
      "type": "aws_lambda_permission",
      "name": "apigw",
      "provider": "provider[\"registry.terraform.io/hashicorp/aws\"]",
      "instances": [
        {
          "schema_version": 0,
          "attributes": {
            "action": "lambda:InvokeFunction",
            "event_source_token": null,
            "function_name": "DataServer",
            "function_url_auth_type": null,
            "id": "AllowAPIGatewayInvoke",
            "principal": "apigateway.amazonaws.com",
            "principal_org_id": null,
            "qualifier": "",
            "region": "us-east-2",
            "source_account": null,
            "source_arn": "arn:aws:execute-api:us-east-2:442426877818:e9808rovje/*/*",
            "statement_id": "AllowAPIGatewayInvoke",
            "statement_id_prefix": ""
          },
          "sensitive_attributes": [],
          "identity_schema_version": 0,
          "identity": {
            "account_id": "442426877818",
            "function_name": "DataServer",
            "qualifier": null,
            "region": "us-east-2",
            "statement_id": "AllowAPIGatewayInvoke"
          },
          "private": "bnVsbA==",
          "dependencies": [
            "aws_api_gateway_rest_api.gateway",
            "aws_cloudwatch_log_group.lambda_log_group",
            "aws_iam_role.role",
            "aws_lambda_function.data_server",
            "data.aws_iam_policy_document.assume_role"
          ]
        }
      ]
    },
    {
      "mode": "managed",
      "type": "aws_s3_bucket",
      "name": "map_files",
      "provider": "provider[\"registry.terraform.io/hashicorp/aws\"]",
      "instances": [
        {
          "schema_version": 0,
          "attributes": {
            "acceleration_status": "",
            "acl": null,
            "arn": "arn:aws:s3:::escaperoom-files",
            "bucket": "escaperoom-files",
            "bucket_domain_name": "escaperoom-files.s3.amazonaws.com",
            "bucket_prefix": "",
            "bucket_region": "us-east-2",
            "bucket_regional_domain_name": "escaperoom-files.s3.us-east-2.amazonaws.com",
            "cors_rule": [],
            "force_destroy": false,
            "grant": [
              {
                "id": "64ffffe2e65cf86440d04f34c1801676b7cac0db1c420d54666ea299f4ed4b49",
                "permissions": [
                  "FULL_CONTROL"
                ],
                "type": "CanonicalUser",
                "uri": ""
              }
            ],
            "hosted_zone_id": "Z2O1EMRO9K5GLX",
            "id": "escaperoom-files",
            "lifecycle_rule": [],
            "logging": [],
            "object_lock_configuration": [],
            "object_lock_enabled": false,
            "policy": "",
            "region": "us-east-2",
            "replication_configuration": [],
            "request_payer": "BucketOwner",
            "server_side_encryption_configuration": [
              {
                "rule": [
                  {
                    "apply_server_side_encryption_by_default": [
                      {
                        "kms_master_key_id": "",
                        "sse_algorithm": "AES256"
                      }
                    ],
                    "bucket_key_enabled": false
                  }
                ]
              }
            ],
            "tags": {},
            "tags_all": {},
            "timeouts": null,
            "versioning": [
              {
                "enabled": false,
                "mfa_delete": false
              }
            ],
            "website": [],
            "website_domain": null,
            "website_endpoint": null
          },
          "sensitive_attributes": [],
          "identity_schema_version": 0,
          "identity": {
            "account_id": "442426877818",
            "bucket": "escaperoom-files",
            "region": "us-east-2"
          },
          "private": "eyJlMmJmYjczMC1lY2FhLTExZTYtOGY4OC0zNDM2M2JjN2M0YzAiOnsiY3JlYXRlIjoxMjAwMDAwMDAwMDAwLCJkZWxldGUiOjM2MDAwMDAwMDAwMDAsInJlYWQiOjEyMDAwMDAwMDAwMDAsInVwZGF0ZSI6MTIwMDAwMDAwMDAwMH19"
        }
      ]
    },
    {
      "mode": "managed",
      "type": "mongodbatlas_advanced_cluster",
      "name": "escaperoom",
      "provider": "provider[\"registry.terraform.io/mongodb/mongodbatlas\"]",
      "instances": [
        {
          "schema_version": 2,
          "attributes": {
            "accept_data_risks_and_force_replica_set_reconfig": null,
            "advanced_configuration": {
              "change_stream_options_pre_and_post_images_expire_after_seconds": -1,
              "custom_openssl_cipher_config_tls12": [],
              "default_max_time_ms": null,
              "default_write_concern": "",
              "javascript_enabled": true,
              "minimum_enabled_tls_protocol": "TLS1_2",
              "no_table_scan": false,
              "oplog_min_retention_hours": 0,
              "oplog_size_mb": 0,
              "sample_refresh_interval_bi_connector": 0,
              "sample_size_bi_connector": 0,
              "tls_cipher_config_mode": "DEFAULT",
              "transaction_lifetime_limit_seconds": 0
            },
            "backup_enabled": false,
            "bi_connector_config": {
              "enabled": false,
              "read_preference": "secondary"
            },
            "cluster_id": "68f63ffeab005121df521ee3",
            "cluster_type": "REPLICASET",
            "config_server_management_mode": "",
            "config_server_type": "",
            "connection_strings": {
              "private": "",
              "private_endpoint": null,
              "private_srv": "",
              "standard": "mongodb://ac-sukiqah-shard-00-00.yjf0c1w.mongodb.net:27017,ac-sukiqah-shard-00-01.yjf0c1w.mongodb.net:27017,ac-sukiqah-shard-00-02.yjf0c1w.mongodb.net:27017/?ssl=true\u0026authSource=admin\u0026replicaSet=atlas-eudch2-shard-0",
              "standard_srv": "mongodb+srv://escaperoom.yjf0c1w.mongodb.net"
            },
            "create_date": "2025-10-20T13:58:22Z",
            "delete_on_create_timeout": null,
            "encryption_at_rest_provider": "NONE",
            "global_cluster_self_managed_sharding": false,
            "labels": null,
            "mongo_db_major_version": "8.0",
            "mongo_db_version": "8.0.15",
            "name": "EscapeRoom",
            "paused": false,
            "pinned_fcv": null,
            "pit_enabled": false,
            "project_id": "66db30aa72dc5d5bc91f7097",
            "redact_client_log_data": false,
            "replica_set_scaling_strategy": "",
            "replication_specs": [
              {
                "container_id": {},
                "external_id": "68f63ffdab005121df521eb9",
                "region_configs": [
                  {
                    "analytics_auto_scaling": null,
                    "analytics_specs": null,
                    "auto_scaling": null,
                    "backing_provider_name": "AWS",
                    "electable_specs": {
                      "disk_iops": null,
                      "disk_size_gb": 0.5,
                      "ebs_volume_type": "",
                      "instance_size": "M0",
                      "node_count": null
                    },
                    "priority": 7,
                    "provider_name": "TENANT",
                    "read_only_specs": null,
                    "region_name": "US_EAST_1"
                  }
                ],
                "zone_id": "68f63ffdab005121df521eb7",
                "zone_name": "ZoneName managed by Terraform"
              }
            ],
            "retain_backups_enabled": null,
            "root_cert_type": "ISRGROOTX1",
            "state_name": "IDLE",
            "tags": null,
            "termination_protection_enabled": false,
            "timeouts": null,
            "version_release_system": "LTS"
          },
          "sensitive_attributes": [],
          "identity_schema_version": 0
        }
      ]
    },
    {
      "mode": "managed",
      "type": "mongodbatlas_database_user",
      "name": "lambda_user",
      "provider": "provider[\"registry.terraform.io/mongodb/mongodbatlas\"]",
      "instances": [
        {
          "schema_version": 0,
          "attributes": {
            "auth_database_name": "$external",
            "aws_iam_type": "ROLE",
            "description": "tf generated lambda user",
            "id": "YXV0aF9kYXRhYmFzZV9uYW1l:JGV4dGVybmFs-cHJvamVjdF9pZA==:NjZkYjMwYWE3MmRjNWQ1YmM5MWY3MDk3-dXNlcm5hbWU=:YXJuOmF3czppYW06OjQ0MjQyNjg3NzgxODpyb2xlL2RhdGFfc2VydmVyX2V4ZWN1dGlvbl9yb2xl",
            "labels": [],
            "ldap_auth_type": "NONE",
            "oidc_auth_type": "NONE",
            "password": null,
            "project_id": "66db30aa72dc5d5bc91f7097",
            "roles": [
              {
                "collection_name": null,
                "database_name": "admin",
                "role_name": "readWriteAnyDatabase"
              }
            ],
            "scopes": [
              {
                "name": "EscapeRoom",
                "type": "CLUSTER"
              }
            ],
            "username": "arn:aws:iam::442426877818:role/data_server_execution_role",
            "x509_type": "NONE"
          },
          "sensitive_attributes": [
            [
              {
                "type": "get_attr",
                "value": "password"
              }
            ]
          ],
          "identity_schema_version": 0,
          "dependencies": [
            "aws_iam_role.role",
            "data.aws_iam_policy_document.assume_role"
          ]
        }
      ]
    }
  ],
  "check_results": null
}
